{
    "_readme": [
        "This file locks the dependencies of your project to a known state",
        "Read more about it at https://getcomposer.org/doc/01-basic-usage.md#composer-lock-the-lock-file",
        "This file is @generated automatically"
    ],
    "hash": "142177f7156772d031c0a3bc538b19c2",
    "content-hash": "f63316dd3fdeb34cf0b23aab9ad5a408",
    "packages": [
        {
            "name": "container-interop/container-interop",
            "version": "1.1.0",
            "source": {
                "type": "git",
                "url": "https://github.com/container-interop/container-interop.git",
                "reference": "fc08354828f8fd3245f77a66b9e23a6bca48297e"
            },
            "dist": {
                "type": "zip",
                "url": "https://api.github.com/repos/container-interop/container-interop/zipball/fc08354828f8fd3245f77a66b9e23a6bca48297e",
                "reference": "fc08354828f8fd3245f77a66b9e23a6bca48297e",
                "shasum": ""
            },
            "type": "library",
            "autoload": {
                "psr-4": {
                    "Interop\\Container\\": "src/Interop/Container/"
                }
            },
            "notification-url": "https://packagist.org/downloads/",
            "license": [
                "MIT"
            ],
            "description": "Promoting the interoperability of container objects (DIC, SL, etc.)",
            "time": "2014-12-30 15:22:37"
        },
        {
            "name": "guzzlehttp/guzzle",
            "version": "6.1.1",
            "source": {
                "type": "git",
                "url": "https://github.com/guzzle/guzzle.git",
                "reference": "c6851d6e48f63b69357cbfa55bca116448140e0c"
            },
            "dist": {
                "type": "zip",
                "url": "https://api.github.com/repos/guzzle/guzzle/zipball/c6851d6e48f63b69357cbfa55bca116448140e0c",
                "reference": "c6851d6e48f63b69357cbfa55bca116448140e0c",
                "shasum": ""
            },
            "require": {
                "guzzlehttp/promises": "~1.0",
                "guzzlehttp/psr7": "~1.1",
                "php": ">=5.5.0"
            },
            "require-dev": {
                "ext-curl": "*",
                "phpunit/phpunit": "~4.0",
                "psr/log": "~1.0"
            },
            "type": "library",
            "extra": {
                "branch-alias": {
                    "dev-master": "6.1-dev"
                }
            },
            "autoload": {
                "files": [
                    "src/functions_include.php"
                ],
                "psr-4": {
                    "GuzzleHttp\\": "src/"
                }
            },
            "notification-url": "https://packagist.org/downloads/",
            "license": [
                "MIT"
            ],
            "authors": [
                {
                    "name": "Michael Dowling",
                    "email": "mtdowling@gmail.com",
                    "homepage": "https://github.com/mtdowling"
                }
            ],
            "description": "Guzzle is a PHP HTTP client library",
            "homepage": "http://guzzlephp.org/",
            "keywords": [
                "client",
                "curl",
                "framework",
                "http",
                "http client",
                "rest",
                "web service"
            ],
            "time": "2015-11-23 00:47:50"
        },
        {
            "name": "guzzlehttp/promises",
            "version": "1.0.3",
            "source": {
                "type": "git",
                "url": "https://github.com/guzzle/promises.git",
                "reference": "b1e1c0d55f8083c71eda2c28c12a228d708294ea"
            },
            "dist": {
                "type": "zip",
                "url": "https://api.github.com/repos/guzzle/promises/zipball/b1e1c0d55f8083c71eda2c28c12a228d708294ea",
                "reference": "b1e1c0d55f8083c71eda2c28c12a228d708294ea",
                "shasum": ""
            },
            "require": {
                "php": ">=5.5.0"
            },
            "require-dev": {
                "phpunit/phpunit": "~4.0"
            },
            "type": "library",
            "extra": {
                "branch-alias": {
                    "dev-master": "1.0-dev"
                }
            },
            "autoload": {
                "psr-4": {
                    "GuzzleHttp\\Promise\\": "src/"
                },
                "files": [
                    "src/functions_include.php"
                ]
            },
            "notification-url": "https://packagist.org/downloads/",
            "license": [
                "MIT"
            ],
            "authors": [
                {
                    "name": "Michael Dowling",
                    "email": "mtdowling@gmail.com",
                    "homepage": "https://github.com/mtdowling"
                }
            ],
            "description": "Guzzle promises library",
            "keywords": [
                "promise"
            ],
            "time": "2015-10-15 22:28:00"
        },
        {
            "name": "guzzlehttp/psr7",
            "version": "1.2.1",
            "source": {
                "type": "git",
                "url": "https://github.com/guzzle/psr7.git",
                "reference": "4d0bdbe1206df7440219ce14c972aa57cc5e4982"
            },
            "dist": {
                "type": "zip",
                "url": "https://api.github.com/repos/guzzle/psr7/zipball/4d0bdbe1206df7440219ce14c972aa57cc5e4982",
                "reference": "4d0bdbe1206df7440219ce14c972aa57cc5e4982",
                "shasum": ""
            },
            "require": {
                "php": ">=5.4.0",
                "psr/http-message": "~1.0"
            },
            "provide": {
                "psr/http-message-implementation": "1.0"
            },
            "require-dev": {
                "phpunit/phpunit": "~4.0"
            },
            "type": "library",
            "extra": {
                "branch-alias": {
                    "dev-master": "1.0-dev"
                }
            },
            "autoload": {
                "psr-4": {
                    "GuzzleHttp\\Psr7\\": "src/"
                },
                "files": [
                    "src/functions_include.php"
                ]
            },
            "notification-url": "https://packagist.org/downloads/",
            "license": [
                "MIT"
            ],
            "authors": [
                {
                    "name": "Michael Dowling",
                    "email": "mtdowling@gmail.com",
                    "homepage": "https://github.com/mtdowling"
                }
            ],
            "description": "PSR-7 message implementation",
            "keywords": [
                "http",
                "message",
                "stream",
                "uri"
            ],
            "time": "2015-11-03 01:34:55"
        },
        {
            "name": "jobbrander/jobs-careerbuilder",
            "version": "1.0.0",
            "source": {
                "type": "git",
                "url": "https://github.com/JobBrander/jobs-careerbuilder.git",
                "reference": "106439fb9af882434fd9918a27744509372839c1"
            },
            "dist": {
                "type": "zip",
                "url": "https://api.github.com/repos/JobBrander/jobs-careerbuilder/zipball/106439fb9af882434fd9918a27744509372839c1",
                "reference": "106439fb9af882434fd9918a27744509372839c1",
                "shasum": ""
            },
            "require": {
                "jobbrander/jobs-common": "~1.0.3",
                "php": ">=5.5.0"
            },
            "require-dev": {
                "mockery/mockery": ">=0.9.4",
                "phpunit/php-code-coverage": "~2.0",
                "phpunit/phpunit": ">=4.6",
                "squizlabs/php_codesniffer": "~2.0"
            },
            "type": "library",
            "autoload": {
                "psr-4": {
                    "JobBrander\\Jobs\\Client\\Providers\\": "src/"
                }
            },
            "notification-url": "https://packagist.org/downloads/",
            "license": [
                "Apache-2.0"
            ],
            "authors": [
                {
                    "name": "Steven Maguire",
                    "email": "stevenmaguire@gmail.com",
                    "homepage": "https://github.com/stevenmaguire"
                },
                {
                    "name": "Karl Hughes",
                    "email": "khughes.me@gmail.com",
                    "homepage": "https://github.com/karllhughes"
                }
            ],
            "description": "Making it simple to integrate your application with Careerbuilder Jobs API.",
            "homepage": "https://github.com/JobBrander/jobs-careerbuilder",
            "keywords": [
                "api client",
                "careerbuilder",
                "jobs",
                "object"
            ],
            "time": "2015-09-28 03:14:48"
        },
        {
            "name": "jobbrander/jobs-careercast",
            "version": "0.2.0",
            "source": {
                "type": "git",
                "url": "https://github.com/JobBrander/jobs-careercast.git",
                "reference": "38242c28c10a7817174152e0bffae7d8b11f27eb"
            },
            "dist": {
                "type": "zip",
                "url": "https://api.github.com/repos/JobBrander/jobs-careercast/zipball/38242c28c10a7817174152e0bffae7d8b11f27eb",
                "reference": "38242c28c10a7817174152e0bffae7d8b11f27eb",
                "shasum": ""
            },
            "require": {
                "jobbrander/jobs-common": "~1.0.3",
                "php": ">=5.5.0"
            },
            "require-dev": {
                "mockery/mockery": ">=0.9.4",
                "phpunit/php-code-coverage": "~2.0",
                "phpunit/phpunit": ">=4.6",
                "squizlabs/php_codesniffer": "~2.0"
            },
            "type": "library",
            "autoload": {
                "psr-4": {
                    "JobBrander\\Jobs\\Client\\Providers\\": "src/"
                }
            },
            "notification-url": "https://packagist.org/downloads/",
            "license": [
                "Apache-2.0"
            ],
            "authors": [
                {
                    "name": "Karl Hughes",
                    "email": "khughes.me@gmail.com",
                    "homepage": "https://github.com/karllhughes"
                }
            ],
            "description": "Making it simple to integrate your application with Careercast's Jobs RSS feed.",
            "homepage": "https://github.com/JobBrander/jobs-careercast",
            "keywords": [
                "api client",
                "careercast",
                "jobs",
                "object",
                "rss client"
            ],
            "time": "2015-10-20 02:19:58"
        },
        {
            "name": "jobbrander/jobs-common",
            "version": "1.0.4",
            "source": {
                "type": "git",
                "url": "https://github.com/JobBrander/jobs-common.git",
                "reference": "19ab1d7127bdc0a7ff521683531f51237a5dae35"
            },
            "dist": {
                "type": "zip",
                "url": "https://api.github.com/repos/JobBrander/jobs-common/zipball/19ab1d7127bdc0a7ff521683531f51237a5dae35",
                "reference": "19ab1d7127bdc0a7ff521683531f51237a5dae35",
                "shasum": ""
            },
            "require": {
                "guzzlehttp/guzzle": "~6.0",
                "php": ">=5.5.0"
            },
            "require-dev": {
                "dunglas/php-schema": "0.4.*",
                "mockery/mockery": ">=0.9.4",
                "phpunit/php-code-coverage": "~2.0",
                "phpunit/phpunit": ">=4.6",
                "squizlabs/php_codesniffer": "~2.0"
            },
            "type": "library",
            "autoload": {
                "psr-4": {
                    "JobBrander\\Jobs\\Client\\": "src/"
                }
            },
            "notification-url": "https://packagist.org/downloads/",
            "license": [
                "Apache-2.0"
            ],
            "authors": [
                {
                    "name": "Steven Maguire",
                    "email": "stevenmaguire@gmail.com",
                    "homepage": "https://github.com/stevenmaguire"
                },
                {
                    "name": "Karl Hughes",
                    "email": "khughes.me@gmail.com",
                    "homepage": "http://www.karllhughes.com"
                }
            ],
            "description": "Making it simple to integrate your application with job api providers.",
            "homepage": "https://github.com/JobBrander/jobs-common",
            "keywords": [
                "api client",
                "jobs",
                "object"
            ],
            "time": "2015-10-28 17:19:54"
        },
        {
            "name": "jobbrander/jobs-dice",
            "version": "0.3.0",
            "source": {
                "type": "git",
                "url": "https://github.com/JobBrander/jobs-dice.git",
                "reference": "e6502fe3f5295a43b8843fc03d8f3d2bf1bc074e"
            },
            "dist": {
                "type": "zip",
                "url": "https://api.github.com/repos/JobBrander/jobs-dice/zipball/e6502fe3f5295a43b8843fc03d8f3d2bf1bc074e",
                "reference": "e6502fe3f5295a43b8843fc03d8f3d2bf1bc074e",
                "shasum": ""
            },
            "require": {
                "jobbrander/jobs-common": "~1.0.3",
                "php": ">=5.5.0"
            },
            "require-dev": {
                "mockery/mockery": ">=0.9.4",
                "phpunit/php-code-coverage": "~2.0",
                "phpunit/phpunit": ">=4.6",
                "squizlabs/php_codesniffer": "~2.0"
            },
            "type": "library",
            "autoload": {
                "psr-4": {
                    "JobBrander\\Jobs\\Client\\Providers\\": "src/"
                }
            },
            "notification-url": "https://packagist.org/downloads/",
            "license": [
                "Apache-2.0"
            ],
            "authors": [
                {
                    "name": "Steven Maguire",
                    "email": "stevenmaguire@gmail.com",
                    "homepage": "https://github.com/stevenmaguire"
                },
                {
                    "name": "Karl Hughes",
                    "email": "khughes.me@gmail.com",
                    "homepage": "https://github.com/karllhughes"
                }
            ],
            "description": "Making it simple to integrate your application with Dice Jobs API.",
            "homepage": "https://github.com/JobBrander/jobs-dice",
            "keywords": [
                "api client",
                "dice",
                "jobs",
                "object"
            ],
            "time": "2015-09-28 21:42:33"
        },
        {
            "name": "jobbrander/jobs-github",
            "version": "0.1.1",
            "source": {
                "type": "git",
                "url": "https://github.com/JobBrander/jobs-github.git",
                "reference": "6ea7cabd8c3fab1f923e1ec312a22361801c47fd"
            },
            "dist": {
                "type": "zip",
                "url": "https://api.github.com/repos/JobBrander/jobs-github/zipball/6ea7cabd8c3fab1f923e1ec312a22361801c47fd",
                "reference": "6ea7cabd8c3fab1f923e1ec312a22361801c47fd",
                "shasum": ""
            },
            "require": {
                "jobbrander/jobs-common": "~1.0",
                "php": ">=5.5.0"
            },
            "require-dev": {
                "mockery/mockery": ">=0.9.4",
                "phpunit/php-code-coverage": "~2.0",
                "phpunit/phpunit": ">=4.6",
                "squizlabs/php_codesniffer": "~2.0"
            },
            "type": "library",
            "autoload": {
                "psr-4": {
                    "JobBrander\\Jobs\\Client\\Providers\\": "src/"
                }
            },
            "notification-url": "https://packagist.org/downloads/",
            "license": [
                "Apache-2.0"
            ],
            "authors": [
                {
                    "name": "Steven Maguire",
                    "email": "stevenmaguire@gmail.com",
                    "homepage": "https://github.com/stevenmaguire"
                }
            ],
            "description": "Making it simple to integrate your application with Github Jobs API.",
            "homepage": "https://github.com/JobBrander/jobs-github",
            "keywords": [
                "api client",
                "github",
                "jobs",
                "object"
            ],
            "time": "2015-09-01 19:08:31"
        },
        {
            "name": "jobbrander/jobs-govt",
            "version": "0.6.0",
            "source": {
                "type": "git",
                "url": "https://github.com/JobBrander/jobs-govt.git",
                "reference": "fa5153e6bacfed7f06e43946c7a85fa1385f4ed1"
            },
            "dist": {
                "type": "zip",
                "url": "https://api.github.com/repos/JobBrander/jobs-govt/zipball/fa5153e6bacfed7f06e43946c7a85fa1385f4ed1",
                "reference": "fa5153e6bacfed7f06e43946c7a85fa1385f4ed1",
                "shasum": ""
            },
            "require": {
                "jobbrander/jobs-common": "~1.0.3",
                "php": ">=5.5.0"
            },
            "require-dev": {
                "mockery/mockery": ">=0.9.4",
                "phpunit/php-code-coverage": "~2.0",
                "phpunit/phpunit": ">=4.6",
                "squizlabs/php_codesniffer": "~2.0"
            },
            "type": "library",
            "autoload": {
                "psr-4": {
                    "JobBrander\\Jobs\\Client\\Providers\\": "src/"
                }
            },
            "notification-url": "https://packagist.org/downloads/",
            "license": [
                "Apache-2.0"
            ],
            "authors": [
                {
                    "name": "Steven Maguire",
                    "email": "stevenmaguire@gmail.com",
                    "homepage": "https://github.com/stevenmaguire"
                },
                {
                    "name": "Karl Hughes",
                    "email": "khughes.me@gmail.com",
                    "homepage": "https://github.com/karllhughes"
                }
            ],
            "description": "Making it simple to integrate your application with the Government Jobs API.",
            "homepage": "https://github.com/JobBrander/jobs-govt",
            "keywords": [
                "api client",
                "government jobs",
                "jobs",
                "object"
            ],
            "time": "2015-09-28 22:16:04"
        },
        {
            "name": "jobbrander/jobs-indeed",
            "version": "0.4.0",
            "source": {
                "type": "git",
                "url": "https://github.com/JobBrander/jobs-indeed.git",
                "reference": "6cbf0d6518cd84fac11a6ab34131e306171f02d8"
            },
            "dist": {
                "type": "zip",
                "url": "https://api.github.com/repos/JobBrander/jobs-indeed/zipball/6cbf0d6518cd84fac11a6ab34131e306171f02d8",
                "reference": "6cbf0d6518cd84fac11a6ab34131e306171f02d8",
                "shasum": ""
            },
            "require": {
                "jobbrander/jobs-common": "~1.0",
                "php": ">=5.5.0"
            },
            "require-dev": {
                "mockery/mockery": ">=0.9.4",
                "phpunit/php-code-coverage": "~2.0",
                "phpunit/phpunit": ">=4.6",
                "squizlabs/php_codesniffer": "~2.0"
            },
            "type": "library",
            "autoload": {
                "psr-4": {
                    "JobBrander\\Jobs\\Client\\Providers\\": "src/"
                }
            },
            "notification-url": "https://packagist.org/downloads/",
            "license": [
                "Apache-2.0"
            ],
            "authors": [
                {
                    "name": "Steven Maguire",
                    "email": "stevenmaguire@gmail.com",
                    "homepage": "https://github.com/stevenmaguire"
                }
            ],
            "description": "Making it simple to integrate your application with Indeed Jobs API.",
            "homepage": "https://github.com/JobBrander/jobs-indeed",
            "keywords": [
                "api client",
                "indeed",
                "jobs",
                "object"
            ],
            "time": "2015-09-01 20:32:02"
        },
        {
            "name": "jobbrander/jobs-jobs2careers",
            "version": "1.1.0",
            "source": {
                "type": "git",
                "url": "https://github.com/JobBrander/jobs-jobs2careers.git",
                "reference": "82e1ab785c7f43c788012262c45a921fb537213c"
            },
            "dist": {
                "type": "zip",
                "url": "https://api.github.com/repos/JobBrander/jobs-jobs2careers/zipball/82e1ab785c7f43c788012262c45a921fb537213c",
                "reference": "82e1ab785c7f43c788012262c45a921fb537213c",
                "shasum": ""
            },
            "require": {
                "jobbrander/jobs-common": "~1.0.3",
                "php": ">=5.5.0"
            },
            "require-dev": {
                "mockery/mockery": ">=0.9.4",
                "phpunit/php-code-coverage": "~2.0",
                "phpunit/phpunit": ">=4.6",
                "squizlabs/php_codesniffer": "~2.0"
            },
            "type": "library",
            "autoload": {
                "psr-4": {
                    "JobBrander\\Jobs\\Client\\Providers\\": "src/"
                }
            },
            "notification-url": "https://packagist.org/downloads/",
            "license": [
                "Apache-2.0"
            ],
            "authors": [
                {
                    "name": "Karl Hughes",
                    "email": "khughes.me@gmail.com",
                    "homepage": "https://github.com/karllhughes"
                }
            ],
            "description": "Making it simple to integrate your application with the Jobs2Careers API.",
            "homepage": "https://github.com/JobBrander/jobs-jobs2careers",
            "keywords": [
                "api client",
                "jobs",
                "jobs2careers",
                "object"
            ],
            "time": "2015-10-15 21:18:52"
        },
        {
            "name": "jobbrander/jobs-juju",
            "version": "1.0.0",
            "source": {
                "type": "git",
                "url": "https://github.com/JobBrander/jobs-juju.git",
                "reference": "c3752a9e17f62b3ca34d771d1ece86ab426ded9a"
            },
            "dist": {
                "type": "zip",
                "url": "https://api.github.com/repos/JobBrander/jobs-juju/zipball/c3752a9e17f62b3ca34d771d1ece86ab426ded9a",
                "reference": "c3752a9e17f62b3ca34d771d1ece86ab426ded9a",
                "shasum": ""
            },
            "require": {
                "jobbrander/jobs-common": "~1.0.3",
                "php": ">=5.5.0"
            },
            "require-dev": {
                "mockery/mockery": ">=0.9.4",
                "phpunit/php-code-coverage": "~2.0",
                "phpunit/phpunit": ">=4.6",
                "squizlabs/php_codesniffer": "~2.0"
            },
            "type": "library",
            "autoload": {
                "psr-4": {
                    "JobBrander\\Jobs\\Client\\Providers\\": "src/"
                }
            },
            "notification-url": "https://packagist.org/downloads/",
            "license": [
                "Apache-2.0"
            ],
            "authors": [
                {
                    "name": "Karl Hughes",
                    "email": "khughes.me@gmail.com",
                    "homepage": "https://github.com/karllhughes"
                }
            ],
            "description": "Making it simple to integrate your application with Juju Jobs API.",
            "homepage": "https://github.com/JobBrander/jobs-juju",
            "keywords": [
                "api client",
                "jobs",
                "juju",
                "object"
            ],
            "time": "2015-10-12 20:27:04"
        },
        {
            "name": "jobbrander/jobs-muse",
            "version": "0.2.0",
            "source": {
                "type": "git",
                "url": "https://github.com/JobBrander/jobs-muse.git",
                "reference": "780a9092ca4975949824c5f6ae2efc0e98b056bb"
            },
            "dist": {
                "type": "zip",
                "url": "https://api.github.com/repos/JobBrander/jobs-muse/zipball/780a9092ca4975949824c5f6ae2efc0e98b056bb",
                "reference": "780a9092ca4975949824c5f6ae2efc0e98b056bb",
                "shasum": ""
            },
            "require": {
                "jobbrander/jobs-common": "~1.0.3",
                "php": ">=5.5.0"
            },
            "require-dev": {
                "mockery/mockery": ">=0.9.4",
                "phpunit/php-code-coverage": "~2.0",
                "phpunit/phpunit": "3.7.*"
            },
            "type": "library",
            "autoload": {
                "psr-4": {
                    "JobBrander\\Jobs\\Client\\Providers\\": "src/"
                }
            },
            "notification-url": "https://packagist.org/downloads/",
            "license": [
                "Apache-2.0"
            ],
            "authors": [
                {
                    "name": "Karl Hughes",
                    "email": "khughes.me@gmail.com",
                    "homepage": "https://github.com/karllhughes"
                }
            ],
            "description": "Making it simple to integrate your application with Muse Jobs API.",
            "homepage": "https://github.com/JobBrander/jobs-muse",
            "keywords": [
                "api client",
                "jobs",
                "muse",
                "object",
                "themuse.com"
            ],
            "time": "2015-10-15 23:20:37"
        },
        {
            "name": "jobbrander/jobs-simplyhired",
            "version": "0.4.0",
            "source": {
                "type": "git",
                "url": "https://github.com/JobBrander/jobs-simplyhired.git",
                "reference": "04f9d48be8b5d8e88ee2e2e7210f335bf6451447"
            },
            "dist": {
                "type": "zip",
                "url": "https://api.github.com/repos/JobBrander/jobs-simplyhired/zipball/04f9d48be8b5d8e88ee2e2e7210f335bf6451447",
                "reference": "04f9d48be8b5d8e88ee2e2e7210f335bf6451447",
                "shasum": ""
            },
            "require": {
                "jobbrander/jobs-common": "~1.0.3",
                "php": ">=5.5.0"
            },
            "require-dev": {
                "mockery/mockery": ">=0.9.4",
                "phpunit/php-code-coverage": "~2.0",
                "phpunit/phpunit": ">=4.6",
                "squizlabs/php_codesniffer": "~2.0"
            },
            "type": "library",
            "autoload": {
                "psr-4": {
                    "JobBrander\\Jobs\\Client\\Providers\\": "src/"
                }
            },
            "notification-url": "https://packagist.org/downloads/",
            "license": [
                "Apache-2.0"
            ],
            "authors": [
                {
                    "name": "Karl Hughes",
                    "email": "khughes.me@gmail.com",
                    "homepage": "https://github.com/karllhughes"
                }
            ],
            "description": "Making it simple to integrate your application with SimplyHired Jobs API.",
            "homepage": "https://github.com/JobBrander/jobs-simplyhired",
            "keywords": [
                "api client",
                "jobs",
                "object",
                "simplyhired"
            ],
            "time": "2015-10-16 00:46:50"
        },
        {
            "name": "jobbrander/jobs-ziprecruiter",
            "version": "0.2.0",
            "source": {
                "type": "git",
                "url": "https://github.com/JobBrander/jobs-ziprecruiter.git",
                "reference": "31795b0ee044a6aa9f69ec689307328c7e2b9f2d"
            },
            "dist": {
                "type": "zip",
                "url": "https://api.github.com/repos/JobBrander/jobs-ziprecruiter/zipball/31795b0ee044a6aa9f69ec689307328c7e2b9f2d",
                "reference": "31795b0ee044a6aa9f69ec689307328c7e2b9f2d",
                "shasum": ""
            },
            "require": {
                "jobbrander/jobs-common": "~1.0.3",
                "php": ">=5.5.0"
            },
            "require-dev": {
                "mockery/mockery": ">=0.9.4",
                "phpunit/php-code-coverage": "~2.0",
                "phpunit/phpunit": ">=4.6",
                "squizlabs/php_codesniffer": "~2.0"
            },
            "type": "library",
            "autoload": {
                "psr-4": {
                    "JobBrander\\Jobs\\Client\\Providers\\": "src/"
                }
            },
            "notification-url": "https://packagist.org/downloads/",
            "license": [
                "Apache-2.0"
            ],
            "authors": [
                {
                    "name": "Karl Hughes",
                    "email": "khughes.me@gmail.com",
                    "homepage": "https://github.com/karllhughes"
                }
            ],
            "description": "Making it simple to integrate your application with ZipRecruiter Jobs API.",
            "homepage": "https://github.com/JobBrander/jobs-ziprecruiter",
            "keywords": [
                "api client",
                "indeed",
                "jobs",
                "object"
            ],
            "time": "2015-10-15 23:55:44"
        },
        {
            "name": "nikic/fast-route",
            "version": "v0.6.0",
            "source": {
                "type": "git",
                "url": "https://github.com/nikic/FastRoute.git",
                "reference": "31fa86924556b80735f98b294a7ffdfb26789f22"
            },
            "dist": {
                "type": "zip",
                "url": "https://api.github.com/repos/nikic/FastRoute/zipball/31fa86924556b80735f98b294a7ffdfb26789f22",
                "reference": "31fa86924556b80735f98b294a7ffdfb26789f22",
                "shasum": ""
            },
            "require": {
                "php": ">=5.4.0"
            },
            "type": "library",
            "autoload": {
                "psr-4": {
                    "FastRoute\\": "src/"
                },
                "files": [
                    "src/functions.php"
                ]
            },
            "notification-url": "https://packagist.org/downloads/",
            "license": [
                "BSD-3-Clause"
            ],
            "authors": [
                {
                    "name": "Nikita Popov",
                    "email": "nikic@php.net"
                }
            ],
            "description": "Fast request router for PHP",
            "keywords": [
                "router",
                "routing"
            ],
            "time": "2015-06-18 19:15:47"
        },
        {
            "name": "pimple/pimple",
            "version": "v3.0.2",
            "source": {
                "type": "git",
                "url": "https://github.com/silexphp/Pimple.git",
                "reference": "a30f7d6e57565a2e1a316e1baf2a483f788b258a"
            },
            "dist": {
                "type": "zip",
                "url": "https://api.github.com/repos/silexphp/Pimple/zipball/a30f7d6e57565a2e1a316e1baf2a483f788b258a",
                "reference": "a30f7d6e57565a2e1a316e1baf2a483f788b258a",
                "shasum": ""
            },
            "require": {
                "php": ">=5.3.0"
            },
            "type": "library",
            "extra": {
                "branch-alias": {
                    "dev-master": "3.0.x-dev"
                }
            },
            "autoload": {
                "psr-0": {
                    "Pimple": "src/"
                }
            },
            "notification-url": "https://packagist.org/downloads/",
            "license": [
                "MIT"
            ],
            "authors": [
                {
                    "name": "Fabien Potencier",
                    "email": "fabien@symfony.com"
                }
            ],
            "description": "Pimple, a simple Dependency Injection Container",
            "homepage": "http://pimple.sensiolabs.org",
            "keywords": [
                "container",
                "dependency injection"
            ],
            "time": "2015-09-11 15:10:35"
        },
        {
            "name": "psr/http-message",
            "version": "1.0",
            "source": {
                "type": "git",
                "url": "https://github.com/php-fig/http-message.git",
                "reference": "85d63699f0dbedb190bbd4b0d2b9dc707ea4c298"
            },
            "dist": {
                "type": "zip",
                "url": "https://api.github.com/repos/php-fig/http-message/zipball/85d63699f0dbedb190bbd4b0d2b9dc707ea4c298",
                "reference": "85d63699f0dbedb190bbd4b0d2b9dc707ea4c298",
                "shasum": ""
            },
            "require": {
                "php": ">=5.3.0"
            },
            "type": "library",
            "extra": {
                "branch-alias": {
                    "dev-master": "1.0.x-dev"
                }
            },
            "autoload": {
                "psr-4": {
                    "Psr\\Http\\Message\\": "src/"
                }
            },
            "notification-url": "https://packagist.org/downloads/",
            "license": [
                "MIT"
            ],
            "authors": [
                {
                    "name": "PHP-FIG",
                    "homepage": "http://www.php-fig.org/"
                }
            ],
            "description": "Common interface for HTTP messages",
            "keywords": [
                "http",
                "http-message",
                "psr",
                "psr-7",
                "request",
                "response"
            ],
            "time": "2015-05-04 20:22:00"
        },
        {
            "name": "slim/slim",
            "version": "3.0.0",
            "source": {
                "type": "git",
                "url": "https://github.com/slimphp/Slim.git",
                "reference": "3b06f0f2d84dabbe81b6cea46ace46a3e883253e"
            },
            "dist": {
                "type": "zip",
                "url": "https://api.github.com/repos/slimphp/Slim/zipball/3b06f0f2d84dabbe81b6cea46ace46a3e883253e",
                "reference": "3b06f0f2d84dabbe81b6cea46ace46a3e883253e",
                "shasum": ""
            },
            "require": {
                "container-interop/container-interop": "^1.1",
                "nikic/fast-route": "^0.6",
                "php": ">=5.5.0",
                "pimple/pimple": "^3.0",
                "psr/http-message": "^1.0"
            },
            "require-dev": {
                "phpunit/phpunit": "^4.0"
            },
            "type": "library",
            "autoload": {
                "psr-4": {
                    "Slim\\": "Slim"
                }
            },
            "notification-url": "https://packagist.org/downloads/",
            "license": [
                "MIT"
            ],
            "authors": [
                {
                    "name": "Rob Allen",
                    "email": "rob@akrabat.com",
                    "homepage": "http://akrabat.com"
                },
                {
                    "name": "Josh Lockhart",
                    "email": "hello@joshlockhart.com",
                    "homepage": "https://joshlockhart.com"
                },
                {
                    "name": "Gabriel Manricks",
                    "email": "gmanricks@me.com",
                    "homepage": "http://gabrielmanricks.com"
                },
                {
                    "name": "Andrew Smith",
                    "email": "a.smith@silentworks.co.uk",
                    "homepage": "http://silentworks.co.uk"
                }
            ],
            "description": "Slim is a PHP micro framework that helps you quickly write simple yet powerful web applications and APIs",
            "homepage": "http://slimframework.com",
            "keywords": [
                "api",
                "framework",
                "micro",
                "router"
            ],
            "time": "2015-12-07 14:11:09"
        },
        {
            "name": "slim/twig-view",
            "version": "2.0",
            "source": {
                "type": "git",
                "url": "https://github.com/slimphp/Twig-View.git",
                "reference": "fe98eab8daee498cc2821f1ad2ff7123bc327844"
            },
            "dist": {
                "type": "zip",
                "url": "https://api.github.com/repos/slimphp/Twig-View/zipball/fe98eab8daee498cc2821f1ad2ff7123bc327844",
                "reference": "fe98eab8daee498cc2821f1ad2ff7123bc327844",
                "shasum": ""
            },
            "require": {
                "php": ">=5.5.0",
                "psr/http-message": "^1.0",
                "twig/twig": "^1.18"
            },
            "require-dev": {
                "phpunit/phpunit": "^4.8.0"
            },
            "type": "library",
            "autoload": {
                "psr-4": {
                    "Slim\\Views\\": "src"
                }
            },
            "notification-url": "https://packagist.org/downloads/",
            "license": [
                "MIT"
            ],
            "authors": [
                {
                    "name": "Josh Lockhart",
                    "email": "hello@joshlockhart.com",
                    "homepage": "http://joshlockhart.com"
                }
            ],
            "description": "Slim Framework view helper built on top of the Twig templating component",
            "homepage": "http://slimframework.com",
            "keywords": [
                "framework",
                "slim",
                "template",
                "twig",
                "view"
            ],
            "time": "2015-08-17 08:45:48"
        },
        {
            "name": "twig/twig",
            "version": "v1.23.1",
            "source": {
                "type": "git",
                "url": "https://github.com/twigphp/Twig.git",
                "reference": "d9b6333ae8dd2c8e3fd256e127548def0bc614c6"
            },
            "dist": {
                "type": "zip",
                "url": "https://api.github.com/repos/twigphp/Twig/zipball/d9b6333ae8dd2c8e3fd256e127548def0bc614c6",
                "reference": "d9b6333ae8dd2c8e3fd256e127548def0bc614c6",
                "shasum": ""
            },
            "require": {
                "php": ">=5.2.7"
            },
            "require-dev": {
                "symfony/debug": "~2.7",
                "symfony/phpunit-bridge": "~2.7"
            },
            "type": "library",
            "extra": {
                "branch-alias": {
                    "dev-master": "1.23-dev"
                }
            },
            "autoload": {
                "psr-0": {
                    "Twig_": "lib/"
                }
            },
            "notification-url": "https://packagist.org/downloads/",
            "license": [
                "BSD-3-Clause"
            ],
            "authors": [
                {
                    "name": "Fabien Potencier",
                    "email": "fabien@symfony.com",
                    "homepage": "http://fabien.potencier.org",
                    "role": "Lead Developer"
                },
                {
                    "name": "Armin Ronacher",
                    "email": "armin.ronacher@active-4.com",
                    "role": "Project Founder"
                },
                {
                    "name": "Twig Team",
                    "homepage": "http://twig.sensiolabs.org/contributors",
                    "role": "Contributors"
                }
            ],
            "description": "Twig, the flexible, fast, and secure template language for PHP",
            "homepage": "http://twig.sensiolabs.org",
            "keywords": [
                "templating"
            ],
            "time": "2015-11-05 12:49:06"
        },
        {
            "name": "vlucas/phpdotenv",
            "version": "v2.1.0",
            "source": {
                "type": "git",
                "url": "https://github.com/vlucas/phpdotenv.git",
                "reference": "c10040e0df17d2ee88e9212b50cbe9319e878f59"
            },
            "dist": {
                "type": "zip",
                "url": "https://api.github.com/repos/vlucas/phpdotenv/zipball/c10040e0df17d2ee88e9212b50cbe9319e878f59",
                "reference": "c10040e0df17d2ee88e9212b50cbe9319e878f59",
                "shasum": ""
            },
            "require": {
                "php": ">=5.3.9"
            },
            "require-dev": {
                "phpunit/phpunit": "~4.0"
            },
            "type": "library",
            "extra": {
                "branch-alias": {
                    "dev-master": "2.1-dev"
                }
            },
            "autoload": {
                "psr-4": {
                    "Dotenv\\": "src/"
                }
            },
            "notification-url": "https://packagist.org/downloads/",
            "license": [
                "BSD"
            ],
            "authors": [
                {
                    "name": "Vance Lucas",
                    "email": "vance@vancelucas.com",
                    "homepage": "http://www.vancelucas.com"
                }
            ],
            "description": "Loads environment variables from `.env` to `getenv()`, `$_ENV` and `$_SERVER` automagically.",
            "homepage": "http://github.com/vlucas/phpdotenv",
            "keywords": [
                "dotenv",
                "env",
                "environment"
            ],
            "time": "2015-10-28 18:53:35"
        }
    ],
    "packages-dev": [],
    "aliases": [],
    "minimum-stability": "stable",
    "stability-flags": [],
    "prefer-stable": false,
    "prefer-lowest": false,
    "platform": [],
    "platform-dev": []
}
